
Microsoft Visual Studio Solution File, Format Version 12.00
# Visual Studio Version 17
VisualStudioVersion = 17.1.32319.34
MinimumVisualStudioVersion = 10.0.40219.1
Project("{FAE04EC0-301F-11D3-BF4B-00C04F79EFBC}") = "Project.OpenSky.Dal", "Project.OpenSky.Dal\Project.OpenSky.Dal.csproj", "{E72C053C-20F4-4E0E-8FF8-8FC0733A1CB2}"
EndProject
Project("{FAE04EC0-301F-11D3-BF4B-00C04F79EFBC}") = "Project.OpenSky.Entities", "Project.OpenSky.Entities\Project.OpenSky.Entities.csproj", "{319E4EA7-8888-4180-B486-ABFBE0729800}"
EndProject
Project("{FAE04EC0-301F-11D3-BF4B-00C04F79EFBC}") = "Project.OpenSky.Model", "Project.OpenSky.Model\Project.OpenSky.Model.csproj", "{65457FFA-7B5A-4EDF-8404-B33559A78FD1}"
EndProject
Project("{FAE04EC0-301F-11D3-BF4B-00C04F79EFBC}") = "Project.OpenSky.UI", "Project.OpenSky.UI\Project.OpenSky.UI.csproj", "{1D40AD8D-FFAF-46E4-9280-CC58E4FC22D9}"
EndProject
Global
	GlobalSection(SolutionConfigurationPlatforms) = preSolution
		Debug|Any CPU = Debug|Any CPU
		Release|Any CPU = Release|Any CPU
	EndGlobalSection
	GlobalSection(ProjectConfigurationPlatforms) = postSolution
		{E72C053C-20F4-4E0E-8FF8-8FC0733A1CB2}.Debug|Any CPU.ActiveCfg = Debug|Any CPU
		{E72C053C-20F4-4E0E-8FF8-8FC0733A1CB2}.Debug|Any CPU.Build.0 = Debug|Any CPU
		{E72C053C-20F4-4E0E-8FF8-8FC0733A1CB2}.Release|Any CPU.ActiveCfg = Release|Any CPU
		{E72C053C-20F4-4E0E-8FF8-8FC0733A1CB2}.Release|Any CPU.Build.0 = Release|Any CPU
		{319E4EA7-8888-4180-B486-ABFBE0729800}.Debug|Any CPU.ActiveCfg = Debug|Any CPU
		{319E4EA7-8888-4180-B486-ABFBE0729800}.Debug|Any CPU.Build.0 = Debug|Any CPU
		{319E4EA7-8888-4180-B486-ABFBE0729800}.Release|Any CPU.ActiveCfg = Release|Any CPU
		{319E4EA7-8888-4180-B486-ABFBE0729800}.Release|Any CPU.Build.0 = Release|Any CPU
		{65457FFA-7B5A-4EDF-8404-B33559A78FD1}.Debug|Any CPU.ActiveCfg = Debug|Any CPU
		{65457FFA-7B5A-4EDF-8404-B33559A78FD1}.Debug|Any CPU.Build.0 = Debug|Any CPU
		{65457FFA-7B5A-4EDF-8404-B33559A78FD1}.Release|Any CPU.ActiveCfg = Release|Any CPU
		{65457FFA-7B5A-4EDF-8404-B33559A78FD1}.Release|Any CPU.Build.0 = Release|Any CPU
		{1D40AD8D-FFAF-46E4-9280-CC58E4FC22D9}.Debug|Any CPU.ActiveCfg = Debug|Any CPU
		{1D40AD8D-FFAF-46E4-9280-CC58E4FC22D9}.Debug|Any CPU.Build.0 = Debug|Any CPU
		{1D40AD8D-FFAF-46E4-9280-CC58E4FC22D9}.Release|Any CPU.ActiveCfg = Release|Any CPU
		{1D40AD8D-FFAF-46E4-9280-CC58E4FC22D9}.Release|Any CPU.Build.0 = Release|Any CPU
	EndGlobalSection
	GlobalSection(SolutionProperties) = preSolution
		HideSolutionNode = FALSE
	EndGlobalSection
	GlobalSection(ExtensibilityGlobals) = postSolution
		SolutionGuid = {D9CD1F8A-3DA6-421C-9A32-B4F2991F3194}
	EndGlobalSection
EndGlobal
